// !$*UTF8*$!
{
	archiveVersion = 1;
	classes = {
	};
	objectVersion = 55;
	objects = {

/* Begin PBXBuildFile section */
		F141472827583A1100245608 /* ServicesiOSApp.swift in Sources */ = {isa = PBXBuildFile; fileRef = F141472727583A1100245608 /* ServicesiOSApp.swift */; };
		F141472A27583A1100245608 /* ContentView.swift in Sources */ = {isa = PBXBuildFile; fileRef = F141472927583A1100245608 /* ContentView.swift */; };
		F141472C27583A1400245608 /* Assets.xcassets in Resources */ = {isa = PBXBuildFile; fileRef = F141472B27583A1400245608 /* Assets.xcassets */; };
		F141472F27583A1400245608 /* Preview Assets.xcassets in Resources */ = {isa = PBXBuildFile; fileRef = F141472E27583A1400245608 /* Preview Assets.xcassets */; };
		F141473927583A1400245608 /* ServicesiOSTests.swift in Sources */ = {isa = PBXBuildFile; fileRef = F141473827583A1400245608 /* ServicesiOSTests.swift */; };
		F141474327583A1400245608 /* ServicesiOSUITests.swift in Sources */ = {isa = PBXBuildFile; fileRef = F141474227583A1400245608 /* ServicesiOSUITests.swift */; };
		F141474527583A1400245608 /* ServicesiOSUITestsLaunchTests.swift in Sources */ = {isa = PBXBuildFile; fileRef = F141474427583A1400245608 /* ServicesiOSUITestsLaunchTests.swift */; };
/* End PBXBuildFile section */

/* Begin PBXContainerItemProxy section */
		F141473527583A1400245608 /* PBXContainerItemProxy */ = {
			isa = PBXContainerItemProxy;
			containerPortal = F141471C27583A1100245608 /* Project object */;
			proxyType = 1;
			remoteGlobalIDString = F141472327583A1100245608;
			remoteInfo = ServicesiOS;
		};
		F141473F27583A1400245608 /* PBXContainerItemProxy */ = {
			isa = PBXContainerItemProxy;
			containerPortal = F141471C27583A1100245608 /* Project object */;
			proxyType = 1;
			remoteGlobalIDString = F141472327583A1100245608;
			remoteInfo = ServicesiOS;
		};
/* End PBXContainerItemProxy section */

/* Begin PBXFileReference section */
		F141472427583A1100245608 /* ServicesiOS.app */ = {isa = PBXFileReference; explicitFileType = wrapper.application; includeInIndex = 0; path = ServicesiOS.app; sourceTree = BUILT_PRODUCTS_DIR; };
		F141472727583A1100245608 /* ServicesiOSApp.swift */ = {isa = PBXFileReference; lastKnownFileType = sourcecode.swift; path = ServicesiOSApp.swift; sourceTree = "<group>"; };
		F141472927583A1100245608 /* ContentView.swift */ = {isa = PBXFileReference; lastKnownFileType = sourcecode.swift; path = ContentView.swift; sourceTree = "<group>"; };
		F141472B27583A1400245608 /* Assets.xcassets */ = {isa = PBXFileReference; lastKnownFileType = folder.assetcatalog; path = Assets.xcassets; sourceTree = "<group>"; };
		F141472E27583A1400245608 /* Preview Assets.xcassets */ = {isa = PBXFileReference; lastKnownFileType = folder.assetcatalog; path = "Preview Assets.xcassets"; sourceTree = "<group>"; };
		F141473427583A1400245608 /* ServicesiOSTests.xctest */ = {isa = PBXFileReference; explicitFileType = wrapper.cfbundle; includeInIndex = 0; path = ServicesiOSTests.xctest; sourceTree = BUILT_PRODUCTS_DIR; };
		F141473827583A1400245608 /* ServicesiOSTests.swift */ = {isa = PBXFileReference; lastKnownFileType = sourcecode.swift; path = ServicesiOSTests.swift; sourceTree = "<group>"; };
		F141473E27583A1400245608 /* ServicesiOSUITests.xctest */ = {isa = PBXFileReference; explicitFileType = wrapper.cfbundle; includeInIndex = 0; path = ServicesiOSUITests.xctest; sourceTree = BUILT_PRODUCTS_DIR; };
		F141474227583A1400245608 /* ServicesiOSUITests.swift */ = {isa = PBXFileReference; lastKnownFileType = sourcecode.swift; path = ServicesiOSUITests.swift; sourceTree = "<group>"; };
		F141474427583A1400245608 /* ServicesiOSUITestsLaunchTests.swift */ = {isa = PBXFileReference; lastKnownFileType = sourcecode.swift; path = ServicesiOSUITestsLaunchTests.swift; sourceTree = "<group>"; };
/* End PBXFileReference section */

/* Begin PBXFrameworksBuildPhase section */
		F141472127583A1100245608 /* Frameworks */ = {
			isa = PBXFrameworksBuildPhase;
			buildActionMask = 2147483647;
			files = (
			);
			runOnlyForDeploymentPostprocessing = 0;
		};
		F141473127583A1400245608 /* Frameworks */ = {
			isa = PBXFrameworksBuildPhase;
			buildActionMask = 2147483647;
			files = (
			);
			runOnlyForDeploymentPostprocessing = 0;
		};
		F141473B27583A1400245608 /* Frameworks */ = {
			isa = PBXFrameworksBuildPhase;
			buildActionMask = 2147483647;
			files = (
			);
			runOnlyForDeploymentPostprocessing = 0;
		};
/* End PBXFrameworksBuildPhase section */

/* Begin PBXGroup section */
		F141471B27583A1100245608 = {
			isa = PBXGroup;
			children = (
				F141472627583A1100245608 /* ServicesiOS */,
				F141473727583A1400245608 /* ServicesiOSTests */,
				F141474127583A1400245608 /* ServicesiOSUITests */,
				F141472527583A1100245608 /* Products */,
			);
			sourceTree = "<group>";
		};
		F141472527583A1100245608 /* Products */ = {
			isa = PBXGroup;
			children = (
				F141472427583A1100245608 /* ServicesiOS.app */,
				F141473427583A1400245608 /* ServicesiOSTests.xctest */,
				F141473E27583A1400245608 /* ServicesiOSUITests.xctest */,
			);
			name = Products;
			sourceTree = "<group>";
		};
		F141472627583A1100245608 /* ServicesiOS */ = {
			isa = PBXGroup;
			children = (
				F141472727583A1100245608 /* ServicesiOSApp.swift */,
				F141472927583A1100245608 /* ContentView.swift */,
				F141472B27583A1400245608 /* Assets.xcassets */,
				F141472D27583A1400245608 /* Preview Content */,
			);
			path = ServicesiOS;
			sourceTree = "<group>";
		};
		F141472D27583A1400245608 /* Preview Content */ = {
			isa = PBXGroup;
			children = (
				F141472E27583A1400245608 /* Preview Assets.xcassets */,
			);
			path = "Preview Content";
			sourceTree = "<group>";
		};
		F141473727583A1400245608 /* ServicesiOSTests */ = {
			isa = PBXGroup;
			children = (
				F141473827583A1400245608 /* ServicesiOSTests.swift */,
			);
			path = ServicesiOSTests;
			sourceTree = "<group>";
		};
		F141474127583A1400245608 /* ServicesiOSUITests */ = {
			isa = PBXGroup;
			children = (
				F141474227583A1400245608 /* ServicesiOSUITests.swift */,
				F141474427583A1400245608 /* ServicesiOSUITestsLaunchTests.swift */,
			);
			path = ServicesiOSUITests;
			sourceTree = "<group>";
		};
/* End PBXGroup section */

/* Begin PBXNativeTarget section */
		F141472327583A1100245608 /* ServicesiOS */ = {
			isa = PBXNativeTarget;
			buildConfigurationList = F141474827583A1400245608 /* Build configuration list for PBXNativeTarget "ServicesiOS" */;
			buildPhases = (
				F141472027583A1100245608 /* Sources */,
				F141472127583A1100245608 /* Frameworks */,
				F141472227583A1100245608 /* Resources */,
			);
			buildRules = (
			);
			dependencies = (
			);
			name = ServicesiOS;
			productName = ServicesiOS;
			productReference = F141472427583A1100245608 /* ServicesiOS.app */;
			productType = "com.apple.product-type.application";
		};
		F141473327583A1400245608 /* ServicesiOSTests */ = {
			isa = PBXNativeTarget;
			buildConfigurationList = F141474B27583A1400245608 /* Build configuration list for PBXNativeTarget "ServicesiOSTests" */;
			buildPhases = (
				F141473027583A1400245608 /* Sources */,
				F141473127583A1400245608 /* Frameworks */,
				F141473227583A1400245608 /* Resources */,
			);
			buildRules = (
			);
			dependencies = (
				F141473627583A1400245608 /* PBXTargetDependency */,
			);
			name = ServicesiOSTests;
			productName = ServicesiOSTests;
			productReference = F141473427583A1400245608 /* ServicesiOSTests.xctest */;
			productType = "com.apple.product-type.bundle.unit-test";
		};
		F141473D27583A1400245608 /* ServicesiOSUITests */ = {
			isa = PBXNativeTarget;
			buildConfigurationList = F141474E27583A1400245608 /* Build configuration list for PBXNativeTarget "ServicesiOSUITests" */;
			buildPhases = (
				F141473A27583A1400245608 /* Sources */,
				F141473B27583A1400245608 /* Frameworks */,
				F141473C27583A1400245608 /* Resources */,
			);
			buildRules = (
			);
			dependencies = (
				F141474027583A1400245608 /* PBXTargetDependency */,
			);
			name = ServicesiOSUITests;
			productName = ServicesiOSUITests;
			productReference = F141473E27583A1400245608 /* ServicesiOSUITests.xctest */;
			productType = "com.apple.product-type.bundle.ui-testing";
		};
/* End PBXNativeTarget section */

/* Begin PBXProject section */
		F141471C27583A1100245608 /* Project object */ = {
			isa = PBXProject;
			attributes = {
				BuildIndependentTargetsInParallel = 1;
				LastSwiftUpdateCheck = 1310;
				LastUpgradeCheck = 1310;
				TargetAttributes = {
					F141472327583A1100245608 = {
						CreatedOnToolsVersion = 13.1;
					};
					F141473327583A1400245608 = {
						CreatedOnToolsVersion = 13.1;
						TestTargetID = F141472327583A1100245608;
					};
					F141473D27583A1400245608 = {
						CreatedOnToolsVersion = 13.1;
						TestTargetID = F141472327583A1100245608;
					};
				};
			};
			buildConfigurationList = F141471F27583A1100245608 /* Build configuration list for PBXProject "ServicesiOS" */;
			compatibilityVersion = "Xcode 13.0";
			developmentRegion = en;
			hasScannedForEncodings = 0;
			knownRegions = (
				en,
				Base,
			);
			mainGroup = F141471B27583A1100245608;
			productRefGroup = F141472527583A1100245608 /* Products */;
			projectDirPath = "";
			projectRoot = "";
			targets = (
				F141472327583A1100245608 /* ServicesiOS */,
				F141473327583A1400245608 /* ServicesiOSTests */,
				F141473D27583A1400245608 /* ServicesiOSUITests */,
			);
		};
/* End PBXProject section */

/* Begin PBXResourcesBuildPhase section */
		F141472227583A1100245608 /* Resources */ = {
			isa = PBXResourcesBuildPhase;
			buildActionMask = 2147483647;
			files = (
				F141472F27583A1400245608 /* Preview Assets.xcassets in Resources */,
				F141472C27583A1400245608 /* Assets.xcassets in Resources */,
			);
			runOnlyForDeploymentPostprocessing = 0;
		};
		F141473227583A1400245608 /* Resources */ = {
			isa = PBXResourcesBuildPhase;
			buildActionMask = 2147483647;
			files = (
			);
			runOnlyForDeploymentPostprocessing = 0;
		};
		F141473C27583A1400245608 /* Resources */ = {
			isa = PBXResourcesBuildPhase;
			buildActionMask = 2147483647;
			files = (
			);
			runOnlyForDeploymentPostprocessing = 0;
		};
/* End PBXResourcesBuildPhase section */

/* Begin PBXSourcesBuildPhase section */
		F141472027583A1100245608 /* Sources */ = {
			isa = PBXSourcesBuildPhase;
			buildActionMask = 2147483647;
			files = (
				F141472A27583A1100245608 /* ContentView.swift in Sources */,
				F141472827583A1100245608 /* ServicesiOSApp.swift in Sources */,
			);
			runOnlyForDeploymentPostprocessing = 0;
		};
		F141473027583A1400245608 /* Sources */ = {
			isa = PBXSourcesBuildPhase;
			buildActionMask = 2147483647;
			files = (
				F141473927583A1400245608 /* ServicesiOSTests.swift in Sources */,
			);
			runOnlyForDeploymentPostprocessing = 0;
		};
		F141473A27583A1400245608 /* Sources */ = {
			isa = PBXSourcesBuildPhase;
			buildActionMask = 2147483647;
			files = (
				F141474527583A1400245608 /* ServicesiOSUITestsLaunchTests.swift in Sources */,
				F141474327583A1400245608 /* ServicesiOSUITests.swift in Sources */,
			);
			runOnlyForDeploymentPostprocessing = 0;
		};
/* End PBXSourcesBuildPhase section */

/* Begin PBXTargetDependency section */
		F141473627583A1400245608 /* PBXTargetDependency */ = {
			isa = PBXTargetDependency;
			target = F141472327583A1100245608 /* ServicesiOS */;
			targetProxy = F141473527583A1400245608 /* PBXContainerItemProxy */;
		};
		F141474027583A1400245608 /* PBXTargetDependency */ = {
			isa = PBXTargetDependency;
			target = F141472327583A1100245608 /* ServicesiOS */;
			targetProxy = F141473F27583A1400245608 /* PBXContainerItemProxy */;
		};
/* End PBXTargetDependency section */

/* Begin XCBuildConfiguration section */
		F141474627583A1400245608 /* Debug */ = {
			isa = XCBuildConfiguration;
			buildSettings = {
				ALWAYS_SEARCH_USER_PATHS = NO;
				CLANG_ANALYZER_NONNULL = YES;
				CLANG_ANALYZER_NUMBER_OBJECT_CONVERSION = YES_AGGRESSIVE;
				CLANG_CXX_LANGUAGE_STANDARD = "gnu++17";
				CLANG_CXX_LIBRARY = "libc++";
				CLANG_ENABLE_MODULES = YES;
				CLANG_ENABLE_OBJC_ARC = YES;
				CLANG_ENABLE_OBJC_WEAK = YES;
				CLANG_WARN_BLOCK_CAPTURE_AUTORELEASING = YES;
				CLANG_WARN_BOOL_CONVERSION = YES;
				CLANG_WARN_COMMA = YES;
				CLANG_WARN_CONSTANT_CONVERSION = YES;
				CLANG_WARN_DEPRECATED_OBJC_IMPLEMENTATIONS = YES;
				CLANG_WARN_DIRECT_OBJC_ISA_USAGE = YES_ERROR;
				CLANG_WARN_DOCUMENTATION_COMMENTS = YES;
				CLANG_WARN_EMPTY_BODY = YES;
				CLANG_WARN_ENUM_CONVERSION = YES;
				CLANG_WARN_INFINITE_RECURSION = YES;
				CLANG_WARN_INT_CONVERSION = YES;
				CLANG_WARN_NON_LITERAL_NULL_CONVERSION = YES;
				CLANG_WARN_OBJC_IMPLICIT_RETAIN_SELF = YES;
				CLANG_WARN_OBJC_LITERAL_CONVERSION = YES;
				CLANG_WARN_OBJC_ROOT_CLASS = YES_ERROR;
				CLANG_WARN_QUOTED_INCLUDE_IN_FRAMEWORK_HEADER = YES;
				CLANG_WARN_RANGE_LOOP_ANALYSIS = YES;
				CLANG_WARN_STRICT_PROTOTYPES = YES;
				CLANG_WARN_SUSPICIOUS_MOVE = YES;
				CLANG_WARN_UNGUARDED_AVAILABILITY = YES_AGGRESSIVE;
				CLANG_WARN_UNREACHABLE_CODE = YES;
				CLANG_WARN__DUPLICATE_METHOD_MATCH = YES;
				COPY_PHASE_STRIP = NO;
				DEBUG_INFORMATION_FORMAT = dwarf;
				ENABLE_STRICT_OBJC_MSGSEND = YES;
				ENABLE_TESTABILITY = YES;
				GCC_C_LANGUAGE_STANDARD = gnu11;
				GCC_DYNAMIC_NO_PIC = NO;
				GCC_NO_COMMON_BLOCKS = YES;
				GCC_OPTIMIZATION_LEVEL = 0;
				GCC_PREPROCESSOR_DEFINITIONS = (
					"DEBUG=1",
					"$(inherited)",
				);
				GCC_WARN_64_TO_32_BIT_CONVERSION = YES;
				GCC_WARN_ABOUT_RETURN_TYPE = YES_ERROR;
				GCC_WARN_UNDECLARED_SELECTOR = YES;
				GCC_WARN_UNINITIALIZED_AUTOS = YES_AGGRESSIVE;
				GCC_WARN_UNUSED_FUNCTION = YES;
				GCC_WARN_UNUSED_VARIABLE = YES;
				IPHONEOS_DEPLOYMENT_TARGET = 15.0;
				MTL_ENABLE_DEBUG_INFO = INCLUDE_SOURCE;
				MTL_FAST_MATH = YES;
				ONLY_ACTIVE_ARCH = YES;
				SDKROOT = iphoneos;
				SWIFT_ACTIVE_COMPILATION_CONDITIONS = DEBUG;
				SWIFT_OPTIMIZATION_LEVEL = "-Onone";
			};
			name = Debug;
		};
		F141474727583A1400245608 /* Release */ = {
			isa = XCBuildConfiguration;
			buildSettings = {
				ALWAYS_SEARCH_USER_PATHS = NO;
				CLANG_ANALYZER_NONNULL = YES;
				CLANG_ANALYZER_NUMBER_OBJECT_CONVERSION = YES_AGGRESSIVE;
				CLANG_CXX_LANGUAGE_STANDARD = "gnu++17";
				CLANG_CXX_LIBRARY = "libc++";
				CLANG_ENABLE_MODULES = YES;
				CLANG_ENABLE_OBJC_ARC = YES;
				CLANG_ENABLE_OBJC_WEAK = YES;
				CLANG_WARN_BLOCK_CAPTURE_AUTORELEASING = YES;
				CLANG_WARN_BOOL_CONVERSION = YES;
				CLANG_WARN_COMMA = YES;
				CLANG_WARN_CONSTANT_CONVERSION = YES;
				CLANG_WARN_DEPRECATED_OBJC_IMPLEMENTATIONS = YES;
				CLANG_WARN_DIRECT_OBJC_ISA_USAGE = YES_ERROR;
				CLANG_WARN_DOCUMENTATION_COMMENTS = YES;
				CLANG_WARN_EMPTY_BODY = YES;
				CLANG_WARN_ENUM_CONVERSION = YES;
				CLANG_WARN_INFINITE_RECURSION = YES;
				CLANG_WARN_INT_CONVERSION = YES;
				CLANG_WARN_NON_LITERAL_NULL_CONVERSION = YES;
				CLANG_WARN_OBJC_IMPLICIT_RETAIN_SELF = YES;
				CLANG_WARN_OBJC_LITERAL_CONVERSION = YES;
				CLANG_WARN_OBJC_ROOT_CLASS = YES_ERROR;
				CLANG_WARN_QUOTED_INCLUDE_IN_FRAMEWORK_HEADER = YES;
				CLANG_WARN_RANGE_LOOP_ANALYSIS = YES;
				CLANG_WARN_STRICT_PROTOTYPES = YES;
				CLANG_WARN_SUSPICIOUS_MOVE = YES;
				CLANG_WARN_UNGUARDED_AVAILABILITY = YES_AGGRESSIVE;
				CLANG_WARN_UNREACHABLE_CODE = YES;
				CLANG_WARN__DUPLICATE_METHOD_MATCH = YES;
				COPY_PHASE_STRIP = NO;
				DEBUG_INFORMATION_FORMAT = "dwarf-with-dsym";
				ENABLE_NS_ASSERTIONS = NO;
				ENABLE_STRICT_OBJC_MSGSEND = YES;
				GCC_C_LANGUAGE_STANDARD = gnu11;
				GCC_NO_COMMON_BLOCKS = YES;
				GCC_WARN_64_TO_32_BIT_CONVERSION = YES;
				GCC_WARN_ABOUT_RETURN_TYPE = YES_ERROR;
				GCC_WARN_UNDECLARED_SELECTOR = YES;
				GCC_WARN_UNINITIALIZED_AUTOS = YES_AGGRESSIVE;
				GCC_WARN_UNUSED_FUNCTION = YES;
				GCC_WARN_UNUSED_VARIABLE = YES;
				IPHONEOS_DEPLOYMENT_TARGET = 15.0;
				MTL_ENABLE_DEBUG_INFO = NO;
				MTL_FAST_MATH = YES;
				SDKROOT = iphoneos;
				SWIFT_COMPILATION_MODE = wholemodule;
				SWIFT_OPTIMIZATION_LEVEL = "-O";
				VALIDATE_PRODUCT = YES;
			};
			name = Release;
		};
		F141474927583A1400245608 /* Debug */ = {
			isa = XCBuildConfiguration;
			buildSettings = {
				ASSETCATALOG_COMPILER_APPICON_NAME = AppIcon;
				ASSETCATALOG_COMPILER_GLOBAL_ACCENT_COLOR_NAME = AccentColor;
				CODE_SIGN_STYLE = Automatic;
				CURRENT_PROJECT_VERSION = 1;
				DEVELOPMENT_ASSET_PATHS = "\"ServicesiOS/Preview Content\"";
				DEVELOPMENT_TEAM = M2MFR279FD;
				ENABLE_PREVIEWS = YES;
				GENERATE_INFOPLIST_FILE = YES;
				INFOPLIST_KEY_UIApplicationSceneManifest_Generation = YES;
				INFOPLIST_KEY_UIApplicationSupportsIndirectInputEvents = YES;
				INFOPLIST_KEY_UILaunchScreen_Generation = YES;
				INFOPLIST_KEY_UISupportedInterfaceOrientations_iPad = "UIInterfaceOrientationPortrait UIInterfaceOrientationPortraitUpsideDown UIInterfaceOrientationLandscapeLeft UIInterfaceOrientationLandscapeRight";
				INFOPLIST_KEY_UISupportedInterfaceOrientations_iPhone = "UIInterfaceOrientationPortrait UIInterfaceOrientationLandscapeLeft UIInterfaceOrientationLandscapeRight";
				LD_RUNPATH_SEARCH_PATHS = (
					"$(inherited)",
					"@executable_path/Frameworks",
				);
				MARKETING_VERSION = 1.0;
				PRODUCT_BUNDLE_IDENTIFIER = com.test.servicesios.ServicesiOS;
				PRODUCT_NAME = "$(TARGET_NAME)";
				SWIFT_EMIT_LOC_STRINGS = YES;
				SWIFT_VERSION = 5.0;
				TARGETED_DEVICE_FAMILY = "1,2";
			};
			name = Debug;
		};
		F141474A27583A1400245608 /* Release */ = {
			isa = XCBuildConfiguration;
			buildSettings = {
				ASSETCATALOG_COMPILER_APPICON_NAME = AppIcon;
				ASSETCATALOG_COMPILER_GLOBAL_ACCENT_COLOR_NAME = AccentColor;
				CODE_SIGN_STYLE = Automatic;
				CURRENT_PROJECT_VERSION = 1;
				DEVELOPMENT_ASSET_PATHS = "\"ServicesiOS/Preview Content\"";
				DEVELOPMENT_TEAM = M2MFR279FD;
				ENABLE_PREVIEWS = YES;
				GENERATE_INFOPLIST_FILE = YES;
				INFOPLIST_KEY_UIApplicationSceneManifest_Generation = YES;
				INFOPLIST_KEY_UIApplicationSupportsIndirectInputEvents = YES;
				INFOPLIST_KEY_UILaunchScreen_Generation = YES;
				INFOPLIST_KEY_UISupportedInterfaceOrientations_iPad = "UIInterfaceOrientationPortrait UIInterfaceOrientationPortraitUpsideDown UIInterfaceOrientationLandscapeLeft UIInterfaceOrientationLandscapeRight";
				INFOPLIST_KEY_UISupportedInterfaceOrientations_iPhone = "UIInterfaceOrientationPortrait UIInterfaceOrientationLandscapeLeft UIInterfaceOrientationLandscapeRight";
				LD_RUNPATH_SEARCH_PATHS = (
					"$(inherited)",
					"@executable_path/Frameworks",
				);
				MARKETING_VERSION = 1.0;
				PRODUCT_BUNDLE_IDENTIFIER = com.test.servicesios.ServicesiOS;
				PRODUCT_NAME = "$(TARGET_NAME)";
				SWIFT_EMIT_LOC_STRINGS = YES;
				SWIFT_VERSION = 5.0;
				TARGETED_DEVICE_FAMILY = "1,2";
			};
			name = Release;
		};
		F141474C27583A1400245608 /* Debug */ = {
			isa = XCBuildConfiguration;
			buildSettings = {
				ALWAYS_EMBED_SWIFT_STANDARD_LIBRARIES = YES;
				BUNDLE_LOADER = "$(TEST_HOST)";
				CODE_SIGN_STYLE = Automatic;
				CURRENT_PROJECT_VERSION = 1;
				DEVELOPMENT_TEAM = M2MFR279FD;
				GENERATE_INFOPLIST_FILE = YES;
				IPHONEOS_DEPLOYMENT_TARGET = 15.0;
				LD_RUNPATH_SEARCH_PATHS = (
					"$(inherited)",
					"@executable_path/Frameworks",
					"@loader_path/Frameworks",
				);
				MARKETING_VERSION = 1.0;
				PRODUCT_BUNDLE_IDENTIFIER = com.test.servicesios.ServicesiOSTests;
				PRODUCT_NAME = "$(TARGET_NAME)";
				SWIFT_EMIT_LOC_STRINGS = NO;
				SWIFT_VERSION = 5.0;
				TARGETED_DEVICE_FAMILY = "1,2";
				TEST_HOST = "$(BUILT_PRODUCTS_DIR)/ServicesiOS.app/ServicesiOS";
			};
			name = Debug;
		};
		F141474D27583A1400245608 /* Release */ = {
			isa = XCBuildConfiguration;
			buildSettings = {
				ALWAYS_EMBED_SWIFT_STANDARD_LIBRARIES = YES;
				BUNDLE_LOADER = "$(TEST_HOST)";
				CODE_SIGN_STYLE = Automatic;
				CURRENT_PROJECT_VERSION = 1;
				DEVELOPMENT_TEAM = M2MFR279FD;
				GENERATE_INFOPLIST_FILE = YES;
				IPHONEOS_DEPLOYMENT_TARGET = 15.0;
				LD_RUNPATH_SEARCH_PATHS = (
					"$(inherited)",
					"@executable_path/Frameworks",
					"@loader_path/Frameworks",
				);
				MARKETING_VERSION = 1.0;
				PRODUCT_BUNDLE_IDENTIFIER = com.test.servicesios.ServicesiOSTests;
				PRODUCT_NAME = "$(TARGET_NAME)";
				SWIFT_EMIT_LOC_STRINGS = NO;
				SWIFT_VERSION = 5.0;
				TARGETED_DEVICE_FAMILY = "1,2";
				TEST_HOST = "$(BUILT_PRODUCTS_DIR)/ServicesiOS.app/ServicesiOS";
			};
			name = Release;
		};
		F141474F27583A1400245608 /* Debug */ = {
			isa = XCBuildConfiguration;
			buildSettings = {
				ALWAYS_EMBED_SWIFT_STANDARD_LIBRARIES = YES;
				CODE_SIGN_STYLE = Automatic;
				CURRENT_PROJECT_VERSION = 1;
				DEVELOPMENT_TEAM = M2MFR279FD;
				GENERATE_INFOPLIST_FILE = YES;
				LD_RUNPATH_SEARCH_PATHS = (
					"$(inherited)",
					"@executable_path/Frameworks",
					"@loader_path/Frameworks",
				);
				MARKETING_VERSION = 1.0;
				PRODUCT_BUNDLE_IDENTIFIER = com.test.servicesios.ServicesiOSUITests;
				PRODUCT_NAME = "$(TARGET_NAME)";
				SWIFT_EMIT_LOC_STRINGS = NO;
				SWIFT_VERSION = 5.0;
				TARGETED_DEVICE_FAMILY = "1,2";
				TEST_TARGET_NAME = ServicesiOS;
			};
			name = Debug;
		};
		F141475027583A1400245608 /* Release */ = {
			isa = XCBuildConfiguration;
			buildSettings = {
				ALWAYS_EMBED_SWIFT_STANDARD_LIBRARIES = YES;
				CODE_SIGN_STYLE = Automatic;
				CURRENT_PROJECT_VERSION = 1;
				DEVELOPMENT_TEAM = M2MFR279FD;
				GENERATE_INFOPLIST_FILE = YES;
				LD_RUNPATH_SEARCH_PATHS = (
					"$(inherited)",
					"@executable_path/Frameworks",
					"@loader_path/Frameworks",
				);
				MARKETING_VERSION = 1.0;
				PRODUCT_BUNDLE_IDENTIFIER = com.test.servicesios.ServicesiOSUITests;
				PRODUCT_NAME = "$(TARGET_NAME)";
				SWIFT_EMIT_LOC_STRINGS = NO;
				SWIFT_VERSION = 5.0;
				TARGETED_DEVICE_FAMILY = "1,2";
				TEST_TARGET_NAME = ServicesiOS;
			};
			name = Release;
		};
/* End XCBuildConfiguration section */

/* Begin XCConfigurationList section */
		F141471F27583A1100245608 /* Build configuration list for PBXProject "ServicesiOS" */ = {
			isa = XCConfigurationList;
			buildConfigurations = (
				F141474627583A1400245608 /* Debug */,
				F141474727583A1400245608 /* Release */,
			);
			defaultConfigurationIsVisible = 0;
			defaultConfigurationName = Release;
		};
		F141474827583A1400245608 /* Build configuration list for PBXNativeTarget "ServicesiOS" */ = {
			isa = XCConfigurationList;
			buildConfigurations = (
				F141474927583A1400245608 /* Debug */,
				F141474A27583A1400245608 /* Release */,
			);
			defaultConfigurationIsVisible = 0;
			defaultConfigurationName = Release;
		};
		F141474B27583A1400245608 /* Build configuration list for PBXNativeTarget "ServicesiOSTests" */ = {
			isa = XCConfigurationList;
			buildConfigurations = (
				F141474C27583A1400245608 /* Debug */,
				F141474D27583A1400245608 /* Release */,
			);
			defaultConfigurationIsVisible = 0;
			defaultConfigurationName = Release;
		};
		F141474E27583A1400245608 /* Build configuration list for PBXNativeTarget "ServicesiOSUITests" */ = {
			isa = XCConfigurationList;
			buildConfigurations = (
				F141474F27583A1400245608 /* Debug */,
				F141475027583A1400245608 /* Release */,
			);
			defaultConfigurationIsVisible = 0;
			defaultConfigurationName = Release;
		};
/* End XCConfigurationList section */
	};
	rootObject = F141471C27583A1100245608 /* Project object */;
}
